
Microsoft Visual Studio Solution File, Format Version 12.00
# Visual Studio Version 16
VisualStudioVersion = 16.0.29409.12
MinimumVisualStudioVersion = 10.0.40219.1
Project("{FAE04EC0-301F-11D3-BF4B-00C04F79EFBC}") = "poc_azure_blazor", "poc_azure_blazor.csproj", "{DD8DE76F-BEB4-451E-913D-D48E3F371B04}"
EndProject
Global
	GlobalSection(SolutionConfigurationPlatforms) = preSolution
		Debug|Any CPU = Debug|Any CPU
		Release|Any CPU = Release|Any CPU
	EndGlobalSection
	GlobalSection(ProjectConfigurationPlatforms) = postSolution
		{DD8DE76F-BEB4-451E-913D-D48E3F371B04}.Debug|Any CPU.ActiveCfg = Debug|Any CPU
		{DD8DE76F-BEB4-451E-913D-D48E3F371B04}.Debug|Any CPU.Build.0 = Debug|Any CPU
		{DD8DE76F-BEB4-451E-913D-D48E3F371B04}.Release|Any CPU.ActiveCfg = Release|Any CPU
		{DD8DE76F-BEB4-451E-913D-D48E3F371B04}.Release|Any CPU.Build.0 = Release|Any CPU
	EndGlobalSection
	GlobalSection(SolutionProperties) = preSolution
		HideSolutionNode = FALSE
	EndGlobalSection
	GlobalSection(ExtensibilityGlobals) = postSolution
		SolutionGuid = {45E73A3E-66FB-4945-9C2B-97902B96614E}
	EndGlobalSection
EndGlobal
